{
    "_readme": [
        "This file locks the dependencies of your project to a known state",
        "Read more about it at https://getcomposer.org/doc/01-basic-usage.md#installing-dependencies",
        "This file is @generated automatically"
    ],
    "content-hash": "0eb73e028e3ec24ce33b131dd2f49653",
    "packages": [
        {
            "name": "guzzlehttp/guzzle",
            "version": "dev-master",
            "source": {
                "type": "git",
                "url": "https://github.com/guzzle/guzzle.git",
                "reference": "7bc46be28e4b01b96d0dfda8c58169072e626558"
            },
            "dist": {
                "type": "zip",
                "url": "https://api.github.com/repos/guzzle/guzzle/zipball/7bc46be28e4b01b96d0dfda8c58169072e626558",
                "reference": "7bc46be28e4b01b96d0dfda8c58169072e626558",
                "shasum": ""
            },
            "require": {
                "guzzlehttp/promises": "^1.0",
                "guzzlehttp/psr7": "^1.4",
                "php": ">=5.5"
            },
            "require-dev": {
                "ext-curl": "*",
                "phpunit/phpunit": "^4.8.35 || ^5.7 || ^6.4 || ^7.0",
                "psr/log": "^1.0"
            },
            "suggest": {
                "psr/log": "Required for using the Log middleware"
            },
            "type": "library",
            "extra": {
                "branch-alias": {
                    "dev-master": "6.3-dev"
                }
            },
            "autoload": {
                "files": [
                    "src/functions_include.php"
                ],
                "psr-4": {
                    "GuzzleHttp\\": "src/"
                }
            },
            "notification-url": "https://packagist.org/downloads/",
            "license": [
                "MIT"
            ],
            "authors": [
                {
                    "name": "Michael Dowling",
                    "email": "mtdowling@gmail.com",
                    "homepage": "https://github.com/mtdowling"
                }
            ],
            "description": "Guzzle is a PHP HTTP client library",
            "homepage": "http://guzzlephp.org/",
            "keywords": [
                "client",
                "curl",
                "framework",
                "http",
                "http client",
                "rest",
                "web service"
            ],
            "time": "2018-06-25T23:51:40+00:00"
        },
        {
            "name": "guzzlehttp/promises",
            "version": "dev-master",
            "source": {
                "type": "git",
                "url": "https://github.com/guzzle/promises.git",
                "reference": "136531aa4e42f9b1971a47fb0faf60da00d2fefa"
            },
            "dist": {
                "type": "zip",
                "url": "https://api.github.com/repos/guzzle/promises/zipball/136531aa4e42f9b1971a47fb0faf60da00d2fefa",
                "reference": "136531aa4e42f9b1971a47fb0faf60da00d2fefa",
                "shasum": ""
            },
            "require": {
                "php": ">=5.5.0"
            },
            "require-dev": {
                "phpunit/phpunit": "^4.8.36"
            },
            "type": "library",
            "extra": {
                "branch-alias": {
                    "dev-master": "1.4-dev"
                }
            },
            "autoload": {
                "psr-4": {
                    "GuzzleHttp\\Promise\\": "src/"
                },
                "files": [
                    "src/functions_include.php"
                ]
            },
            "notification-url": "https://packagist.org/downloads/",
            "license": [
                "MIT"
            ],
            "authors": [
                {
                    "name": "Michael Dowling",
                    "email": "mtdowling@gmail.com",
                    "homepage": "https://github.com/mtdowling"
                }
            ],
            "description": "Guzzle promises library",
            "keywords": [
                "promise"
            ],
            "time": "2018-03-25T01:26:01+00:00"
        },
        {
            "name": "guzzlehttp/psr7",
            "version": "dev-master",
            "source": {
                "type": "git",
                "url": "https://github.com/guzzle/psr7.git",
                "reference": "58f6e264ef0e4107c8b3d15a9c2e653b2bce0b4d"
            },
            "dist": {
                "type": "zip",
                "url": "https://api.github.com/repos/guzzle/psr7/zipball/58f6e264ef0e4107c8b3d15a9c2e653b2bce0b4d",
                "reference": "58f6e264ef0e4107c8b3d15a9c2e653b2bce0b4d",
                "shasum": ""
            },
            "require": {
                "php": ">=5.4.0",
                "psr/http-message": "~1.0",
                "ralouphie/getallheaders": "^2.0.5"
            },
            "provide": {
                "psr/http-message-implementation": "1.0"
            },
            "require-dev": {
                "phpunit/phpunit": "~4.0"
            },
            "type": "library",
            "extra": {
                "branch-alias": {
                    "dev-master": "1.5-dev"
                }
            },
            "autoload": {
                "psr-4": {
                    "GuzzleHttp\\Psr7\\": "src/"
                },
                "files": [
                    "src/functions_include.php"
                ]
            },
            "notification-url": "https://packagist.org/downloads/",
            "license": [
                "MIT"
            ],
            "authors": [
                {
                    "name": "Michael Dowling",
                    "email": "mtdowling@gmail.com",
                    "homepage": "https://github.com/mtdowling"
                },
                {
                    "name": "Tobias Schultze",
                    "homepage": "https://github.com/Tobion"
                }
            ],
            "description": "PSR-7 message implementation that also provides common utility methods",
            "keywords": [
                "http",
                "message",
                "request",
                "response",
                "stream",
                "uri",
                "url"
            ],
            "time": "2018-06-08T08:55:26+00:00"
        },
        {
            "name": "pear/archive_tar",
            "version": "dev-master",
            "source": {
                "type": "git",
                "url": "https://github.com/pear/Archive_Tar.git",
                "reference": "742f20237a1653455d46c96a479f0fabee3a0f47"
            },
            "dist": {
                "type": "zip",
                "url": "https://api.github.com/repos/pear/Archive_Tar/zipball/742f20237a1653455d46c96a479f0fabee3a0f47",
                "reference": "742f20237a1653455d46c96a479f0fabee3a0f47",
                "shasum": ""
            },
            "require": {
                "pear/pear-core-minimal": "^1.10.0alpha2",
                "php": ">=5.2.0"
            },
            "require-dev": {
                "phpunit/phpunit": "*"
            },
            "suggest": {
                "ext-bz2": "Bz2 compression support.",
                "ext-xz": "Lzma2 compression support.",
                "ext-zlib": "Gzip compression support."
            },
            "type": "library",
            "extra": {
                "branch-alias": {
                    "dev-master": "1.4.x-dev"
                }
            },
            "autoload": {
                "psr-0": {
                    "Archive_Tar": ""
                }
            },
            "notification-url": "https://packagist.org/downloads/",
            "include-path": [
                "./"
            ],
            "license": [
                "BSD-3-Clause"
            ],
            "authors": [
                {
                    "name": "Vincent Blavet",
                    "email": "vincent@phpconcept.net"
                },
                {
                    "name": "Greg Beaver",
                    "email": "greg@chiaraquartet.net"
                },
                {
                    "name": "Michiel Rook",
                    "email": "mrook@php.net"
                }
            ],
            "description": "Tar file management class with compression support (gzip, bzip2, lzma2)",
            "homepage": "https://github.com/pear/Archive_Tar",
            "keywords": [
                "archive",
                "tar"
            ],
            "time": "2017-07-31T07:04:16+00:00"
        },
        {
            "name": "pear/console_getopt",
            "version": "dev-master",
            "source": {
                "type": "git",
                "url": "https://github.com/pear/Console_Getopt.git",
                "reference": "d6c23f131de6a0a220263a14890a497c7e5bce9d"
            },
            "dist": {
                "type": "zip",
                "url": "https://api.github.com/repos/pear/Console_Getopt/zipball/d6c23f131de6a0a220263a14890a497c7e5bce9d",
                "reference": "d6c23f131de6a0a220263a14890a497c7e5bce9d",
                "shasum": ""
            },
            "type": "library",
            "autoload": {
                "psr-0": {
                    "Console": "./"
                }
            },
            "notification-url": "https://packagist.org/downloads/",
            "include-path": [
                "./"
            ],
            "license": [
                "BSD-2-Clause"
            ],
            "authors": [
                {
                    "name": "Greg Beaver",
                    "email": "cellog@php.net",
                    "role": "Helper"
                },
                {
                    "name": "Andrei Zmievski",
                    "email": "andrei@php.net",
                    "role": "Lead"
                },
                {
                    "name": "Stig Bakken",
                    "email": "stig@php.net",
                    "role": "Developer"
                }
            ],
            "description": "More info available on: http://pear.php.net/package/Console_Getopt",
            "time": "2015-11-04T12:44:37+00:00"
        },
        {
            "name": "pear/http2",
            "version": "dev-master",
            "source": {
                "type": "git",
                "url": "https://github.com/pear/HTTP2.git",
                "reference": "b87527415aa1439d5abc2c620a37f0047c3b1568"
            },
            "dist": {
                "type": "zip",
                "url": "https://api.github.com/repos/pear/HTTP2/zipball/b87527415aa1439d5abc2c620a37f0047c3b1568",
                "reference": "b87527415aa1439d5abc2c620a37f0047c3b1568",
                "shasum": ""
            },
            "require-dev": {
                "pear/pear-core": "*"
            },
            "type": "library",
            "autoload": {
                "psr-0": {
                    "HTTP2": "./"
                }
            },
            "notification-url": "https://packagist.org/downloads/",
            "include-path": [
                "./"
            ],
            "license": [
                "BSD-2-Clause"
            ],
            "authors": [
                {
                    "name": "Michael Wallner",
                    "email": "mike@php.net",
                    "role": "Lead"
                },
                {
                    "name": "Philippe Jausions",
                    "email": "jausions@php.net",
                    "role": "Lead"
                }
            ],
            "description": "Miscellaneous HTTP utilities",
            "homepage": "http://pear.php.net/package/HTTP2",
            "time": "2016-08-10T19:11:15+00:00"
        },
        {
            "name": "pear/mail",
            "version": "v1.4.1",
            "source": {
                "type": "git",
                "url": "https://github.com/pear/Mail.git",
                "reference": "9609ed5e42ac5b221dfd9af85de005c59d418ee7"
            },
            "dist": {
                "type": "zip",
                "url": "https://api.github.com/repos/pear/Mail/zipball/9609ed5e42ac5b221dfd9af85de005c59d418ee7",
                "reference": "9609ed5e42ac5b221dfd9af85de005c59d418ee7",
                "shasum": ""
            },
            "require": {
                "pear/pear-core-minimal": "~1.9",
                "php": ">=5.2.1"
            },
            "require-dev": {
                "pear/pear": "*"
            },
            "suggest": {
                "pear/net_smtp": "Install optionally via your project's composer.json"
            },
            "type": "library",
            "autoload": {
                "psr-0": {
                    "Mail": "./"
                }
            },
            "notification-url": "https://packagist.org/downloads/",
            "include-path": [
                "./"
            ],
            "license": [
                "BSD-2-Clause"
            ],
            "authors": [
                {
                    "name": "Chuck Hagenbuch",
                    "email": "chuck@horde.org",
                    "role": "Lead"
                },
                {
                    "name": "Richard Heyes",
                    "email": "richard@phpguru.org",
                    "role": "Developer"
                },
                {
                    "name": "Aleksander Machniak",
                    "email": "alec@alec.pl",
                    "role": "Developer"
                }
            ],
            "description": "Class that provides multiple interfaces for sending emails.",
            "homepage": "http://pear.php.net/package/Mail",
            "time": "2017-04-11T17:27:29+00:00"
        },
        {
            "name": "pear/mail_mime",
            "version": "1.10.2",
            "source": {
                "type": "git",
                "url": "https://github.com/pear/Mail_Mime.git",
                "reference": "7b2f93fa5219da99e9997f497b916b5bb27eb57a"
            },
            "dist": {
                "type": "zip",
                "url": "https://api.github.com/repos/pear/Mail_Mime/zipball/7b2f93fa5219da99e9997f497b916b5bb27eb57a",
                "reference": "7b2f93fa5219da99e9997f497b916b5bb27eb57a",
                "shasum": ""
            },
            "require": {
                "pear/pear-core-minimal": "*"
            },
            "type": "library",
            "autoload": {
                "psr-0": {
                    "Mail": "./"
                }
            },
            "notification-url": "https://packagist.org/downloads/",
            "include-path": [
                "./"
            ],
            "license": [
                "BSD-3-clause"
            ],
            "authors": [
                {
                    "name": "Cipriano Groenendal",
                    "email": "cipri@php.net",
                    "role": "Lead"
                },
                {
                    "name": "Aleksander Machniak",
                    "email": "alec@php.net",
                    "role": "Lead"
                }
            ],
            "description": "Mail_Mime provides classes to create MIME messages",
            "homepage": "http://pear.php.net/package/Mail_Mime",
            "time": "2017-11-17T09:21:45+00:00"
        },
        {
            "name": "pear/pear",
            "version": "dev-master",
            "source": {
                "type": "git",
                "url": "https://github.com/pear/pear-core.git",
                "reference": "f22fb697825995fffa5255c2ba5df77bde15da53"
            },
            "dist": {
                "type": "zip",
                "url": "https://api.github.com/repos/pear/pear-core/zipball/f22fb697825995fffa5255c2ba5df77bde15da53",
                "reference": "f22fb697825995fffa5255c2ba5df77bde15da53",
                "shasum": ""
            },
            "require": {
                "ext-pcre": "*",
                "ext-xml": "*",
                "pear/archive_tar": "*",
                "pear/console_getopt": "*",
                "pear/structures_graph": "*",
                "pear/xml_util": "*"
            },
            "replace": {
                "pear/pear-core-minimal": "*"
            },
            "require-dev": {
                "phpunit/phpunit": "*"
            },
            "suggest": {
                "pear/pear_frontend_gtk": "For GTK support",
                "pear/pear_frontend_web": "For Web support"
            },
            "type": "library",
            "autoload": {
                "classmap": [
                    "./"
                ]
            },
            "notification-url": "https://packagist.org/downloads/",
            "include-path": [
                "./"
            ],
            "license": [
                "BSD-2-Clause"
            ],
            "authors": [
                {
                    "name": "Helgi Thormar",
                    "email": "dufuz@php.net",
                    "role": "Lead"
                },
                {
                    "name": "Martin Jansen",
                    "email": "mj@php.net",
                    "role": "Helper"
                },
                {
                    "name": "Stig Bakken",
                    "email": "stig@php.net",
                    "role": "Lead"
                },
                {
                    "name": "Pierre-Alain Joye",
                    "email": "pierre@php.net",
                    "role": "Lead"
                },
                {
                    "name": "Tias Guns",
                    "email": "tias@php.net",
                    "role": "Developer"
                },
                {
                    "name": "Tim Jackson",
                    "email": "timj@php.net",
                    "role": "Helper"
                },
                {
                    "name": "Bertrand Gugger",
                    "email": "toggg@php.net",
                    "role": "Helper"
                },
                {
                    "name": "Greg Beaver",
                    "email": "cellog@php.net",
                    "role": "lead"
                },
                {
                    "name": "Tomas V.V.Cox",
                    "email": "cox@idecnet.com",
                    "role": "Lead"
                }
            ],
            "description": "This is the definitive source of PEAR's core files.",
            "time": "2018-03-15T20:41:14+00:00"
        },
        {
            "name": "pear/pear_exception",
            "version": "dev-master",
            "source": {
                "type": "git",
                "url": "https://github.com/pear/PEAR_Exception.git",
                "reference": "8c18719fdae000b690e3912be401c76e406dd13b"
            },
            "dist": {
                "type": "zip",
                "url": "https://api.github.com/repos/pear/PEAR_Exception/zipball/8c18719fdae000b690e3912be401c76e406dd13b",
                "reference": "8c18719fdae000b690e3912be401c76e406dd13b",
                "shasum": ""
            },
            "require": {
                "php": ">=4.4.0"
            },
            "require-dev": {
                "phpunit/phpunit": "*"
            },
            "type": "class",
            "extra": {
                "branch-alias": {
                    "dev-master": "1.0.x-dev"
                }
            },
            "autoload": {
                "psr-0": {
                    "PEAR": ""
                }
            },
            "notification-url": "https://packagist.org/downloads/",
            "include-path": [
                "."
            ],
            "license": [
                "BSD-2-Clause"
            ],
            "authors": [
                {
                    "name": "Helgi Thormar",
                    "email": "dufuz@php.net"
                },
                {
                    "name": "Greg Beaver",
                    "email": "cellog@php.net"
                }
            ],
            "description": "The PEAR Exception base class.",
            "homepage": "https://github.com/pear/PEAR_Exception",
            "keywords": [
                "exception"
            ],
            "time": "2015-02-10T20:07:52+00:00"
        },
        {
            "name": "pear/structures_graph",
            "version": "dev-trunk",
            "source": {
                "type": "git",
                "url": "https://github.com/pear/Structures_Graph.git",
                "reference": "4d078fedd2eebfdf1775abfa52701f774aca9e89"
            },
            "dist": {
                "type": "zip",
                "url": "https://api.github.com/repos/pear/Structures_Graph/zipball/4d078fedd2eebfdf1775abfa52701f774aca9e89",
                "reference": "4d078fedd2eebfdf1775abfa52701f774aca9e89",
                "shasum": ""
            },
            "type": "library",
            "autoload": {
                "psr-0": {
                    "Structures": "./"
                }
            },
            "notification-url": "https://packagist.org/downloads/",
            "include-path": [
                "./"
            ],
            "license": [
                "PHP-3.01"
            ],
            "authors": [
                {
                    "name": "Sérgio Carvalho",
                    "email": "sergiosgc@gmail.com",
                    "role": "Lead"
                }
            ],
            "description": "More info available on: http://pear.php.net/package/Structures_Graph",
            "time": "2018-01-27T14:09:13+00:00"
        },
        {
            "name": "pear/xml_util",
            "version": "dev-master",
            "source": {
                "type": "git",
                "url": "https://github.com/pear/XML_Util.git",
                "reference": "c74278d925be9c2f7d39955cdce45d8275571a1d"
            },
            "dist": {
                "type": "zip",
                "url": "https://api.github.com/repos/pear/XML_Util/zipball/c74278d925be9c2f7d39955cdce45d8275571a1d",
                "reference": "c74278d925be9c2f7d39955cdce45d8275571a1d",
                "shasum": ""
            },
            "require": {
                "pear/pear-core-minimal": "^1.10.1",
                "php": ">=5.4"
            },
            "require-dev": {
                "phpunit/phpunit": "@stable"
            },
            "type": "library",
            "autoload": {
                "psr-0": {
                    "XML_Util": "./"
                }
            },
            "notification-url": "https://packagist.org/downloads/",
            "include-path": [
                "./"
            ],
            "license": [
                "BSD-3-Clause"
            ],
            "authors": [
                {
                    "name": "Stephan Schmidt",
                    "email": "schst@php-tools.net",
                    "role": "Lead"
                },
                {
                    "name": "Chuck Burgess",
                    "email": "ashnazg@php.net",
                    "role": "Lead"
                },
                {
                    "name": "Davey Shafik",
                    "email": "davey@php.net",
                    "role": "Helper"
                }
            ],
            "description": "Methods to work with XML documents",
            "homepage": "http://pear.php.net/package/XML_Util",
            "time": "2017-06-28T19:21:19+00:00"
        },
        {
            "name": "pluf/core",
            "version": "3.0.12",
            "source": {
                "type": "git",
                "url": "https://github.com/pluf/core.git",
                "reference": "ab663473ff73abb1972b8d13ea4bdee763e9304e"
            },
            "dist": {
                "type": "zip",
                "url": "https://api.github.com/repos/pluf/core/zipball/ab663473ff73abb1972b8d13ea4bdee763e9304e",
                "reference": "ab663473ff73abb1972b8d13ea4bdee763e9304e",
                "shasum": ""
            },
            "require": {
                "guzzlehttp/guzzle": "^6.2",
                "pear/mail": "^1.3",
                "pear/mail_mime": "^1.10.0",
                "pluf/http2": "^3.0.0"
            },
            "require-dev": {
                "phpunit/dbunit": "^2.0",
                "phpunit/php-invoker": "^1.1",
                "phpunit/phpunit": "5.7.14",
                "phpunit/phpunit-story": "^1.0"
            },
            "type": "library",
            "autoload": {
                "psr-0": {
                    "test": ""
                }
            },
            "notification-url": "https://packagist.org/downloads/",
            "include-path": [
                "src/"
            ],
            "license": [
                "MIT"
            ],
            "authors": [
                {
                    "name": "Mostafa Barmshory",
                    "email": "mostafa.barmshory@dpq.co.ir"
                },
                {
                    "name": "Mohammad hadi Mansouri",
                    "email": "mohammad.hadi.mansouri@dpq.co.ir"
                },
                {
                    "name": "Mahdi Arighiani",
                    "email": "mahdi.arghiani@dpq.co.ir"
                }
            ],
            "description": "Pluf core pakcage",
            "homepage": "http://pluf.ir",
            "keywords": [
                "framework",
                "php",
                "pluf",
                "pluf-module",
                "restfull"
            ],
            "time": "2018-06-12T22:37:50+00:00"
        },
        {
            "name": "pluf/http2",
            "version": "3.0.12",
            "source": {
                "type": "git",
                "url": "https://github.com/pluf/http2.git",
                "reference": "3240a0ec58e4007d8f7c2289671308117c57ddfc"
            },
            "dist": {
                "type": "zip",
                "url": "https://api.github.com/repos/pluf/http2/zipball/3240a0ec58e4007d8f7c2289671308117c57ddfc",
                "reference": "3240a0ec58e4007d8f7c2289671308117c57ddfc",
                "shasum": ""
            },
            "require": {
                "pear/http2": "*",
                "pear/pear": "*",
                "pear/pear_exception": "*"
            },
            "require-dev": {
                "phpunit/dbunit": "^2.0",
                "phpunit/php-invoker": "^1.1",
                "phpunit/phpunit": "5.7.14",
                "phpunit/phpunit-story": "^1.0"
            },
            "suggest": {
                "pear/archive_tar": "Install optionally via your project's composer.json"
            },
            "type": "library",
            "autoload": {
                "psr-0": {
                    "HTTP": "src"
                }
            },
            "notification-url": "https://packagist.org/downloads/",
            "include-path": [
                "src"
            ],
            "license": [
                "MIT"
            ],
            "authors": [
                {
                    "name": "Michael Wallner",
                    "email": "mike@php.net",
                    "role": "Lead"
                },
                {
                    "name": "Philippe Jausions",
                    "email": "jausions@php.net",
                    "role": "Lead"
                },
                {
                    "name": "Mostafa Barmshory",
                    "email": "mostafa.barmshory@dpq.co.ir"
                },
                {
                    "name": "Mohammad hadi Mansouri",
                    "email": "mohammad.hadi.mansouri@dpq.co.ir"
                },
                {
                    "name": "Mahdi Arighiani",
                    "email": "mahdi.arghiani@dpq.co.ir"
                }
            ],
            "description": "Pluf HTTP package",
            "time": "2018-05-17T05:45:50+00:00"
        },
        {
            "name": "psr/http-message",
            "version": "dev-master",
            "source": {
                "type": "git",
                "url": "https://github.com/php-fig/http-message.git",
                "reference": "f6561bf28d520154e4b0ec72be95418abe6d9363"
            },
            "dist": {
                "type": "zip",
                "url": "https://api.github.com/repos/php-fig/http-message/zipball/f6561bf28d520154e4b0ec72be95418abe6d9363",
                "reference": "f6561bf28d520154e4b0ec72be95418abe6d9363",
                "shasum": ""
            },
            "require": {
                "php": ">=5.3.0"
            },
            "type": "library",
            "extra": {
                "branch-alias": {
                    "dev-master": "1.0.x-dev"
                }
            },
            "autoload": {
                "psr-4": {
                    "Psr\\Http\\Message\\": "src/"
                }
            },
            "notification-url": "https://packagist.org/downloads/",
            "license": [
                "MIT"
            ],
            "authors": [
                {
                    "name": "PHP-FIG",
                    "homepage": "http://www.php-fig.org/"
                }
            ],
            "description": "Common interface for HTTP messages",
            "homepage": "https://github.com/php-fig/http-message",
            "keywords": [
                "http",
                "http-message",
                "psr",
                "psr-7",
                "request",
                "response"
            ],
            "time": "2016-08-06T14:39:51+00:00"
        },
        {
            "name": "ralouphie/getallheaders",
            "version": "2.0.5",
            "source": {
                "type": "git",
                "url": "https://github.com/ralouphie/getallheaders.git",
                "reference": "5601c8a83fbba7ef674a7369456d12f1e0d0eafa"
            },
            "dist": {
                "type": "zip",
                "url": "https://api.github.com/repos/ralouphie/getallheaders/zipball/5601c8a83fbba7ef674a7369456d12f1e0d0eafa",
                "reference": "5601c8a83fbba7ef674a7369456d12f1e0d0eafa",
                "shasum": ""
            },
            "require": {
                "php": ">=5.3"
            },
            "require-dev": {
                "phpunit/phpunit": "~3.7.0",
                "satooshi/php-coveralls": ">=1.0"
            },
            "type": "library",
            "autoload": {
                "files": [
                    "src/getallheaders.php"
                ]
            },
            "notification-url": "https://packagist.org/downloads/",
            "license": [
                "MIT"
            ],
            "authors": [
                {
                    "name": "Ralph Khattar",
                    "email": "ralph.khattar@gmail.com"
                }
            ],
            "description": "A polyfill for getallheaders.",
            "time": "2016-02-11T07:05:27+00:00"
        }
    ],
    "packages-dev": [],
    "aliases": [],
    "minimum-stability": "dev",
    "stability-flags": [],
    "prefer-stable": false,
    "prefer-lowest": false,
    "platform": [],
    "platform-dev": []
}
